
Microsoft Visual Studio Solution File, Format Version 12.00
# Visual Studio 15
VisualStudioVersion = 15.0.27004.2008
MinimumVisualStudioVersion = 10.0.40219.1
Project("{9A19103F-16F7-4668-BE54-9A1E7A4F7556}") = "DotNetBlog.Web", "DotNetBlog.Web\DotNetBlog.Web.csproj", "{53713D45-AF16-4208-A98A-A86B021DDF05}"
EndProject
Project("{9A19103F-16F7-4668-BE54-9A1E7A4F7556}") = "DotNetBlog.Model", "DotNetBlog,Model\DotNetBlog.Model.csproj", "{0B2FF3F2-73F3-4195-8FA8-50379B4038EF}"
EndProject
Project("{9A19103F-16F7-4668-BE54-9A1E7A4F7556}") = "DotNetBlog.Dal", "DotNetBlog.Dal\DotNetBlog.Dal.csproj", "{48131F16-7148-4E04-8FFF-DA8CFB2C3D6F}"
EndProject
Global
	GlobalSection(SolutionConfigurationPlatforms) = preSolution
		Debug|Any CPU = Debug|Any CPU
		Release|Any CPU = Release|Any CPU
	EndGlobalSection
	GlobalSection(ProjectConfigurationPlatforms) = postSolution
		{53713D45-AF16-4208-A98A-A86B021DDF05}.Debug|Any CPU.ActiveCfg = Debug|Any CPU
		{53713D45-AF16-4208-A98A-A86B021DDF05}.Debug|Any CPU.Build.0 = Debug|Any CPU
		{53713D45-AF16-4208-A98A-A86B021DDF05}.Release|Any CPU.ActiveCfg = Release|Any CPU
		{53713D45-AF16-4208-A98A-A86B021DDF05}.Release|Any CPU.Build.0 = Release|Any CPU
		{0B2FF3F2-73F3-4195-8FA8-50379B4038EF}.Debug|Any CPU.ActiveCfg = Debug|Any CPU
		{0B2FF3F2-73F3-4195-8FA8-50379B4038EF}.Debug|Any CPU.Build.0 = Debug|Any CPU
		{0B2FF3F2-73F3-4195-8FA8-50379B4038EF}.Release|Any CPU.ActiveCfg = Release|Any CPU
		{0B2FF3F2-73F3-4195-8FA8-50379B4038EF}.Release|Any CPU.Build.0 = Release|Any CPU
		{48131F16-7148-4E04-8FFF-DA8CFB2C3D6F}.Debug|Any CPU.ActiveCfg = Debug|Any CPU
		{48131F16-7148-4E04-8FFF-DA8CFB2C3D6F}.Debug|Any CPU.Build.0 = Debug|Any CPU
		{48131F16-7148-4E04-8FFF-DA8CFB2C3D6F}.Release|Any CPU.ActiveCfg = Release|Any CPU
		{48131F16-7148-4E04-8FFF-DA8CFB2C3D6F}.Release|Any CPU.Build.0 = Release|Any CPU
	EndGlobalSection
	GlobalSection(SolutionProperties) = preSolution
		HideSolutionNode = FALSE
	EndGlobalSection
	GlobalSection(ExtensibilityGlobals) = postSolution
		SolutionGuid = {7A3D6AC2-28D6-4453-B673-198ACD132DAD}
	EndGlobalSection
EndGlobal
